
Microsoft Visual Studio Solution File, Format Version 12.00
# Visual Studio 15
VisualStudioVersion = 15.0.28307.106
MinimumVisualStudioVersion = 10.0.40219.1
Project("{FAE04EC0-301F-11D3-BF4B-00C04F79EFBC}") = "TLC-WebApp", "TLC-WebApp\TLC-WebApp.csproj", "{D76A4951-BACD-4899-974D-0E81EAA58F0F}"
EndProject
Global
	GlobalSection(SolutionConfigurationPlatforms) = preSolution
		Debug|Any CPU = Debug|Any CPU
		Release|Any CPU = Release|Any CPU
	EndGlobalSection
	GlobalSection(ProjectConfigurationPlatforms) = postSolution
		{D76A4951-BACD-4899-974D-0E81EAA58F0F}.Debug|Any CPU.ActiveCfg = Debug|Any CPU
		{D76A4951-BACD-4899-974D-0E81EAA58F0F}.Debug|Any CPU.Build.0 = Debug|Any CPU
		{D76A4951-BACD-4899-974D-0E81EAA58F0F}.Release|Any CPU.ActiveCfg = Release|Any CPU
		{D76A4951-BACD-4899-974D-0E81EAA58F0F}.Release|Any CPU.Build.0 = Release|Any CPU
	EndGlobalSection
	GlobalSection(SolutionProperties) = preSolution
		HideSolutionNode = FALSE
	EndGlobalSection
	GlobalSection(ExtensibilityGlobals) = postSolution
		SolutionGuid = {099B8B26-246E-44B6-90A7-ED1011C90D83}
	EndGlobalSection
EndGlobal
